
Microsoft Visual Studio Solution File, Format Version 12.00
# Visual Studio Version 16
VisualStudioVersion = 16.0.31205.134
MinimumVisualStudioVersion = 10.0.40219.1
Project("{FAE04EC0-301F-11D3-BF4B-00C04F79EFBC}") = "DesafiosURI", "DesafiosURI\DesafiosURI.csproj", "{AC8A6C02-5380-44C2-AA98-7D7B77E9A60A}"
EndProject
Global
	GlobalSection(SolutionConfigurationPlatforms) = preSolution
		Debug|Any CPU = Debug|Any CPU
		Release|Any CPU = Release|Any CPU
	EndGlobalSection
	GlobalSection(ProjectConfigurationPlatforms) = postSolution
		{AC8A6C02-5380-44C2-AA98-7D7B77E9A60A}.Debug|Any CPU.ActiveCfg = Debug|Any CPU
		{AC8A6C02-5380-44C2-AA98-7D7B77E9A60A}.Debug|Any CPU.Build.0 = Debug|Any CPU
		{AC8A6C02-5380-44C2-AA98-7D7B77E9A60A}.Release|Any CPU.ActiveCfg = Release|Any CPU
		{AC8A6C02-5380-44C2-AA98-7D7B77E9A60A}.Release|Any CPU.Build.0 = Release|Any CPU
	EndGlobalSection
	GlobalSection(SolutionProperties) = preSolution
		HideSolutionNode = FALSE
	EndGlobalSection
	GlobalSection(ExtensibilityGlobals) = postSolution
		SolutionGuid = {1A87D8C7-3D58-4536-A93C-FB9FF884CE35}
	EndGlobalSection
EndGlobal
