
Microsoft Visual Studio Solution File, Format Version 12.00
# Visual Studio Version 16
VisualStudioVersion = 16.0.31205.134
MinimumVisualStudioVersion = 10.0.40219.1
Project("{9A19103F-16F7-4668-BE54-9A1E7A4F7556}") = "WebDespensaAPI", "WebDespensaAPI.csproj", "{9A44A68A-D584-4944-85BB-E2E7FC885E98}"
EndProject
Global
	GlobalSection(SolutionConfigurationPlatforms) = preSolution
		Debug|Any CPU = Debug|Any CPU
		Release|Any CPU = Release|Any CPU
	EndGlobalSection
	GlobalSection(ProjectConfigurationPlatforms) = postSolution
		{9A44A68A-D584-4944-85BB-E2E7FC885E98}.Debug|Any CPU.ActiveCfg = Debug|Any CPU
		{9A44A68A-D584-4944-85BB-E2E7FC885E98}.Debug|Any CPU.Build.0 = Debug|Any CPU
		{9A44A68A-D584-4944-85BB-E2E7FC885E98}.Release|Any CPU.ActiveCfg = Release|Any CPU
		{9A44A68A-D584-4944-85BB-E2E7FC885E98}.Release|Any CPU.Build.0 = Release|Any CPU
	EndGlobalSection
	GlobalSection(SolutionProperties) = preSolution
		HideSolutionNode = FALSE
	EndGlobalSection
	GlobalSection(ExtensibilityGlobals) = postSolution
		SolutionGuid = {C2E5E70E-968B-45C5-A777-C1C95F5F480B}
	EndGlobalSection
EndGlobal
